// !$*UTF8*$!
{
	archiveVersion = 1;
	classes = {
	};
	objectVersion = 46;
	objects = {

/* Begin PBXBuildFile section */
		0FC312C31A9CD7B6D5ACCFDB /* libPods-uteach.a in Frameworks */ = {isa = PBXBuildFile; fileRef = A79468E706F13DF96224443B /* libPods-uteach.a */; };
		1D0085881D28151700CF4870 /* AppDelegate.swift in Sources */ = {isa = PBXBuildFile; fileRef = 1D0085871D28151700CF4870 /* AppDelegate.swift */; };
		1D0085901D28151700CF4870 /* uteach.xcdatamodeld in Sources */ = {isa = PBXBuildFile; fileRef = 1D00858E1D28151700CF4870 /* uteach.xcdatamodeld */; };
		1D0085921D28151700CF4870 /* Assets.xcassets in Resources */ = {isa = PBXBuildFile; fileRef = 1D0085911D28151700CF4870 /* Assets.xcassets */; };
		1D0085951D28151700CF4870 /* LaunchScreen.storyboard in Resources */ = {isa = PBXBuildFile; fileRef = 1D0085931D28151700CF4870 /* LaunchScreen.storyboard */; };
		1D0085D01D2AF82B00CF4870 /* Student.swift in Sources */ = {isa = PBXBuildFile; fileRef = 1D0085CF1D2AF82B00CF4870 /* Student.swift */; };
		1D0085D51D2AFA8B00CF4870 /* Expertice.swift in Sources */ = {isa = PBXBuildFile; fileRef = 1D0085D41D2AFA8B00CF4870 /* Expertice.swift */; };
		1D0085D71D2B00C600CF4870 /* Rating.swift in Sources */ = {isa = PBXBuildFile; fileRef = 1D0085D61D2B00C600CF4870 /* Rating.swift */; };
		1D0085DE1D2C63ED00CF4870 /* Teacher.swift in Sources */ = {isa = PBXBuildFile; fileRef = 1D0085DC1D2C63ED00CF4870 /* Teacher.swift */; };
		1D0085DF1D2C63ED00CF4870 /* User.swift in Sources */ = {isa = PBXBuildFile; fileRef = 1D0085DD1D2C63ED00CF4870 /* User.swift */; };
		1D0085E11D2C63F900CF4870 /* NavigationFlowManager.swift in Sources */ = {isa = PBXBuildFile; fileRef = 1D0085E01D2C63F900CF4870 /* NavigationFlowManager.swift */; };
		1D0BDCFC1D3020A700F457A6 /* SplashView.swift in Sources */ = {isa = PBXBuildFile; fileRef = 1D0BDCFB1D3020A700F457A6 /* SplashView.swift */; };
		1D0BDCFE1D3020B600F457A6 /* SplashView.xib in Resources */ = {isa = PBXBuildFile; fileRef = 1D0BDCFD1D3020B600F457A6 /* SplashView.xib */; };
		1D0F2BA81D2CB50300F2EF8D /* UserCredentialsView.xib in Resources */ = {isa = PBXBuildFile; fileRef = 1D0F2BA71D2CB50300F2EF8D /* UserCredentialsView.xib */; };
		1D0F2BB31D2DF9EB00F2EF8D /* splash_animation.gif in Resources */ = {isa = PBXBuildFile; fileRef = 1D0F2BB21D2DF9EB00F2EF8D /* splash_animation.gif */; };
		1D0F2BB61D2DFFEB00F2EF8D /* SplashToUserCredentialsTransition.swift in Sources */ = {isa = PBXBuildFile; fileRef = 1D0F2BB51D2DFFEB00F2EF8D /* SplashToUserCredentialsTransition.swift */; };
		1D1646B41D2CA60A00C6A30B /* UserCredentialsViewController.swift in Sources */ = {isa = PBXBuildFile; fileRef = 1D1646B21D2CA60A00C6A30B /* UserCredentialsViewController.swift */; };
		1D1646B51D2CA60A00C6A30B /* UserCredentialsViewController.xib in Resources */ = {isa = PBXBuildFile; fileRef = 1D1646B31D2CA60A00C6A30B /* UserCredentialsViewController.xib */; };
		1D1646B81D2CA6FF00C6A30B /* BasicButton.swift in Sources */ = {isa = PBXBuildFile; fileRef = 1D1646B71D2CA6FF00C6A30B /* BasicButton.swift */; };
		1D1646BA1D2CAC8100C6A30B /* UserCredentialsView.swift in Sources */ = {isa = PBXBuildFile; fileRef = 1D1646B91D2CAC8100C6A30B /* UserCredentialsView.swift */; };
		1D1646BC1D2CACA700C6A30B /* ViewWithXib.swift in Sources */ = {isa = PBXBuildFile; fileRef = 1D1646BB1D2CACA700C6A30B /* ViewWithXib.swift */; };
		1D1B1E1A1D32AB17006A5320 /* UIImage+Giff.swift in Sources */ = {isa = PBXBuildFile; fileRef = 1D1B1E191D32AB17006A5320 /* UIImage+Giff.swift */; };
		1DF3216F1D31BB59008F3852 /* LoginView.swift in Sources */ = {isa = PBXBuildFile; fileRef = 1DF3216C1D31BB59008F3852 /* LoginView.swift */; };
		1DF321701D31BB59008F3852 /* SignUpView.swift in Sources */ = {isa = PBXBuildFile; fileRef = 1DF3216E1D31BB59008F3852 /* SignUpView.swift */; };
		1DF321721D31BC28008F3852 /* LoginView.xib in Resources */ = {isa = PBXBuildFile; fileRef = 1DF321711D31BC28008F3852 /* LoginView.xib */; };
		1DF321741D31BC41008F3852 /* SignUpView.xib in Resources */ = {isa = PBXBuildFile; fileRef = 1DF321731D31BC41008F3852 /* SignUpView.xib */; };
		1DF321761D31BE15008F3852 /* UserCredentialsViewDelegate.swift in Sources */ = {isa = PBXBuildFile; fileRef = 1DF321751D31BE15008F3852 /* UserCredentialsViewDelegate.swift */; };
		6A2518E41D2C1935009A673B /* BaseViewController.swift in Sources */ = {isa = PBXBuildFile; fileRef = 6A2518E31D2C1935009A673B /* BaseViewController.swift */; };
		6A2518E71D2C1AC4009A673B /* UIColor+ColorPalette.swift in Sources */ = {isa = PBXBuildFile; fileRef = 6A2518E61D2C1AC4009A673B /* UIColor+ColorPalette.swift */; };
/* End PBXBuildFile section */

/* Begin PBXFileReference section */
		1D0085841D28151600CF4870 /* uteach.app */ = {isa = PBXFileReference; explicitFileType = wrapper.application; includeInIndex = 0; path = uteach.app; sourceTree = BUILT_PRODUCTS_DIR; };
		1D0085871D28151700CF4870 /* AppDelegate.swift */ = {isa = PBXFileReference; lastKnownFileType = sourcecode.swift; name = AppDelegate.swift; path = ../../AppDelegate.swift; sourceTree = "<group>"; };
		1D00858F1D28151700CF4870 /* uteach.xcdatamodel */ = {isa = PBXFileReference; lastKnownFileType = wrapper.xcdatamodel; path = uteach.xcdatamodel; sourceTree = "<group>"; };
		1D0085911D28151700CF4870 /* Assets.xcassets */ = {isa = PBXFileReference; lastKnownFileType = folder.assetcatalog; path = Assets.xcassets; sourceTree = "<group>"; };
		1D0085941D28151700CF4870 /* Base */ = {isa = PBXFileReference; lastKnownFileType = file.storyboard; name = Base; path = Base.lproj/LaunchScreen.storyboard; sourceTree = "<group>"; };
		1D0085961D28151700CF4870 /* Info.plist */ = {isa = PBXFileReference; lastKnownFileType = text.plist.xml; path = Info.plist; sourceTree = "<group>"; };
		1D0085CF1D2AF82B00CF4870 /* Student.swift */ = {isa = PBXFileReference; fileEncoding = 4; lastKnownFileType = sourcecode.swift; path = Student.swift; sourceTree = "<group>"; };
		1D0085D41D2AFA8B00CF4870 /* Expertice.swift */ = {isa = PBXFileReference; fileEncoding = 4; lastKnownFileType = sourcecode.swift; path = Expertice.swift; sourceTree = "<group>"; };
		1D0085D61D2B00C600CF4870 /* Rating.swift */ = {isa = PBXFileReference; fileEncoding = 4; lastKnownFileType = sourcecode.swift; path = Rating.swift; sourceTree = "<group>"; };
		1D0085DC1D2C63ED00CF4870 /* Teacher.swift */ = {isa = PBXFileReference; fileEncoding = 4; lastKnownFileType = sourcecode.swift; path = Teacher.swift; sourceTree = "<group>"; };
		1D0085DD1D2C63ED00CF4870 /* User.swift */ = {isa = PBXFileReference; fileEncoding = 4; lastKnownFileType = sourcecode.swift; path = User.swift; sourceTree = "<group>"; };
		1D0085E01D2C63F900CF4870 /* NavigationFlowManager.swift */ = {isa = PBXFileReference; fileEncoding = 4; lastKnownFileType = sourcecode.swift; path = NavigationFlowManager.swift; sourceTree = "<group>"; };
		1D0BDCFB1D3020A700F457A6 /* SplashView.swift */ = {isa = PBXFileReference; fileEncoding = 4; lastKnownFileType = sourcecode.swift; path = SplashView.swift; sourceTree = "<group>"; };
		1D0BDCFD1D3020B600F457A6 /* SplashView.xib */ = {isa = PBXFileReference; fileEncoding = 4; lastKnownFileType = file.xib; path = SplashView.xib; sourceTree = "<group>"; };
		1D0F2BA71D2CB50300F2EF8D /* UserCredentialsView.xib */ = {isa = PBXFileReference; fileEncoding = 4; lastKnownFileType = file.xib; path = UserCredentialsView.xib; sourceTree = "<group>"; };
		1D0F2BB21D2DF9EB00F2EF8D /* splash_animation.gif */ = {isa = PBXFileReference; lastKnownFileType = image.gif; path = splash_animation.gif; sourceTree = "<group>"; };
		1D0F2BB51D2DFFEB00F2EF8D /* SplashToUserCredentialsTransition.swift */ = {isa = PBXFileReference; fileEncoding = 4; lastKnownFileType = sourcecode.swift; path = SplashToUserCredentialsTransition.swift; sourceTree = "<group>"; };
		1D1646B21D2CA60A00C6A30B /* UserCredentialsViewController.swift */ = {isa = PBXFileReference; fileEncoding = 4; lastKnownFileType = sourcecode.swift; path = UserCredentialsViewController.swift; sourceTree = "<group>"; };
		1D1646B31D2CA60A00C6A30B /* UserCredentialsViewController.xib */ = {isa = PBXFileReference; fileEncoding = 4; lastKnownFileType = file.xib; path = UserCredentialsViewController.xib; sourceTree = "<group>"; };
		1D1646B71D2CA6FF00C6A30B /* BasicButton.swift */ = {isa = PBXFileReference; fileEncoding = 4; lastKnownFileType = sourcecode.swift; path = BasicButton.swift; sourceTree = "<group>"; };
		1D1646B91D2CAC8100C6A30B /* UserCredentialsView.swift */ = {isa = PBXFileReference; fileEncoding = 4; lastKnownFileType = sourcecode.swift; path = UserCredentialsView.swift; sourceTree = "<group>"; };
		1D1646BB1D2CACA700C6A30B /* ViewWithXib.swift */ = {isa = PBXFileReference; fileEncoding = 4; lastKnownFileType = sourcecode.swift; path = ViewWithXib.swift; sourceTree = "<group>"; };
		1D1B1E191D32AB17006A5320 /* UIImage+Giff.swift */ = {isa = PBXFileReference; fileEncoding = 4; lastKnownFileType = sourcecode.swift; path = "UIImage+Giff.swift"; sourceTree = "<group>"; };
		1DF3216C1D31BB59008F3852 /* LoginView.swift */ = {isa = PBXFileReference; fileEncoding = 4; lastKnownFileType = sourcecode.swift; path = LoginView.swift; sourceTree = "<group>"; };
		1DF3216E1D31BB59008F3852 /* SignUpView.swift */ = {isa = PBXFileReference; fileEncoding = 4; lastKnownFileType = sourcecode.swift; path = SignUpView.swift; sourceTree = "<group>"; };
		1DF321711D31BC28008F3852 /* LoginView.xib */ = {isa = PBXFileReference; fileEncoding = 4; lastKnownFileType = file.xib; path = LoginView.xib; sourceTree = "<group>"; };
		1DF321731D31BC41008F3852 /* SignUpView.xib */ = {isa = PBXFileReference; fileEncoding = 4; lastKnownFileType = file.xib; path = SignUpView.xib; sourceTree = "<group>"; };
		1DF321751D31BE15008F3852 /* UserCredentialsViewDelegate.swift */ = {isa = PBXFileReference; fileEncoding = 4; lastKnownFileType = sourcecode.swift; path = UserCredentialsViewDelegate.swift; sourceTree = "<group>"; };
		6A2518E31D2C1935009A673B /* BaseViewController.swift */ = {isa = PBXFileReference; fileEncoding = 4; lastKnownFileType = sourcecode.swift; path = BaseViewController.swift; sourceTree = "<group>"; };
		6A2518E61D2C1AC4009A673B /* UIColor+ColorPalette.swift */ = {isa = PBXFileReference; fileEncoding = 4; lastKnownFileType = sourcecode.swift; path = "UIColor+ColorPalette.swift"; sourceTree = "<group>"; };
		70CFA39830CE9B3A8C6ADCAE /* Pods-uteach.release.xcconfig */ = {isa = PBXFileReference; includeInIndex = 1; lastKnownFileType = text.xcconfig; name = "Pods-uteach.release.xcconfig"; path = "Pods/Target Support Files/Pods-uteach/Pods-uteach.release.xcconfig"; sourceTree = "<group>"; };
		A79468E706F13DF96224443B /* libPods-uteach.a */ = {isa = PBXFileReference; explicitFileType = archive.ar; includeInIndex = 0; path = "libPods-uteach.a"; sourceTree = BUILT_PRODUCTS_DIR; };
		FC2EB36F6EFF5E1C72BCE1C3 /* Pods-uteach.debug.xcconfig */ = {isa = PBXFileReference; includeInIndex = 1; lastKnownFileType = text.xcconfig; name = "Pods-uteach.debug.xcconfig"; path = "Pods/Target Support Files/Pods-uteach/Pods-uteach.debug.xcconfig"; sourceTree = "<group>"; };
/* End PBXFileReference section */

/* Begin PBXFrameworksBuildPhase section */
		1D0085811D28151600CF4870 /* Frameworks */ = {
			isa = PBXFrameworksBuildPhase;
			buildActionMask = 2147483647;
			files = (
				0FC312C31A9CD7B6D5ACCFDB /* libPods-uteach.a in Frameworks */,
			);
			runOnlyForDeploymentPostprocessing = 0;
		};
/* End PBXFrameworksBuildPhase section */

/* Begin PBXGroup section */
		141DCD267C57C5793B2C0134 /* Pods */ = {
			isa = PBXGroup;
			children = (
				FC2EB36F6EFF5E1C72BCE1C3 /* Pods-uteach.debug.xcconfig */,
				70CFA39830CE9B3A8C6ADCAE /* Pods-uteach.release.xcconfig */,
			);
			name = Pods;
			sourceTree = "<group>";
		};
		1D00857B1D28151600CF4870 = {
			isa = PBXGroup;
			children = (
				1D0085861D28151700CF4870 /* uteach */,
				1D0085851D28151600CF4870 /* Products */,
				141DCD267C57C5793B2C0134 /* Pods */,
				3DA190A83C1DC6B9A6B82E64 /* Frameworks */,
			);
			sourceTree = "<group>";
		};
		1D0085851D28151600CF4870 /* Products */ = {
			isa = PBXGroup;
			children = (
				1D0085841D28151600CF4870 /* uteach.app */,
			);
			name = Products;
			sourceTree = "<group>";
		};
		1D0085861D28151700CF4870 /* uteach */ = {
			isa = PBXGroup;
			children = (
				1D0F2BAE1D2DB58100F2EF8D /* assets */,
				1D00859C1D281C1B00CF4870 /* controllers */,
				1D00859D1D281C1B00CF4870 /* models */,
				1D00859F1D281C1B00CF4870 /* views */,
				1D0085911D28151700CF4870 /* Assets.xcassets */,
				1D0085931D28151700CF4870 /* LaunchScreen.storyboard */,
				1D0085961D28151700CF4870 /* Info.plist */,
				1D00858E1D28151700CF4870 /* uteach.xcdatamodeld */,
			);
			path = uteach;
			sourceTree = "<group>";
		};
		1D00859C1D281C1B00CF4870 /* controllers */ = {
			isa = PBXGroup;
			children = (
				1D1646B11D2CA5F200C6A30B /* UserCredentials */,
				6A2518E21D2C1935009A673B /* Base */,
				1D0085A31D2844BD00CF4870 /* Splash */,
			);
			path = controllers;
			sourceTree = "<group>";
		};
		1D00859D1D281C1B00CF4870 /* models */ = {
			isa = PBXGroup;
			children = (
				1D0F2BB41D2DFFC800F2EF8D /* Transition */,
				1D0F2BAB1D2DA81B00F2EF8D /* Giff */,
				6A2518E51D2C1AC4009A673B /* ColorPalette */,
				1D0085D31D2AFA7F00CF4870 /* Expertise */,
				1D0085D21D2AF91700CF4870 /* Rating */,
				1D0085CC1D29DC0200CF4870 /* Picture */,
				1D0085C91D29DBC300CF4870 /* User */,
				1D0085A01D281C5000CF4870 /* AppDelegate */,
				1D00859E1D281C1B00CF4870 /* NavigationFlowManager */,
			);
			path = models;
			sourceTree = "<group>";
		};
		1D00859E1D281C1B00CF4870 /* NavigationFlowManager */ = {
			isa = PBXGroup;
			children = (
				1D0085E01D2C63F900CF4870 /* NavigationFlowManager.swift */,
			);
			path = NavigationFlowManager;
			sourceTree = "<group>";
		};
		1D00859F1D281C1B00CF4870 /* views */ = {
			isa = PBXGroup;
			children = (
				1DF3216B1D31BB59008F3852 /* Login */,
				1DF3216D1D31BB59008F3852 /* SignUp */,
				1D0BDCFA1D30209100F457A6 /* Splash */,
				1D1646B61D2CA64A00C6A30B /* UserCredentials */,
				1D0085D91D2B026600CF4870 /* Base */,
			);
			path = views;
			sourceTree = "<group>";
		};
		1D0085A01D281C5000CF4870 /* AppDelegate */ = {
			isa = PBXGroup;
			children = (
				1D0085871D28151700CF4870 /* AppDelegate.swift */,
			);
			path = AppDelegate;
			sourceTree = "<group>";
		};
		1D0085A31D2844BD00CF4870 /* Splash */ = {
			isa = PBXGroup;
			children = (
			);
			path = Splash;
			sourceTree = "<group>";
		};
		1D0085C91D29DBC300CF4870 /* User */ = {
			isa = PBXGroup;
			children = (
				1D0085DC1D2C63ED00CF4870 /* Teacher.swift */,
				1D0085DD1D2C63ED00CF4870 /* User.swift */,
				1D0085CF1D2AF82B00CF4870 /* Student.swift */,
			);
			path = User;
			sourceTree = "<group>";
		};
		1D0085CC1D29DC0200CF4870 /* Picture */ = {
			isa = PBXGroup;
			children = (
			);
			path = Picture;
			sourceTree = "<group>";
		};
		1D0085D21D2AF91700CF4870 /* Rating */ = {
			isa = PBXGroup;
			children = (
				1D0085D61D2B00C600CF4870 /* Rating.swift */,
			);
			path = Rating;
			sourceTree = "<group>";
		};
		1D0085D31D2AFA7F00CF4870 /* Expertise */ = {
			isa = PBXGroup;
			children = (
				1D0085D41D2AFA8B00CF4870 /* Expertice.swift */,
			);
			path = Expertise;
			sourceTree = "<group>";
		};
		1D0085D91D2B026600CF4870 /* Base */ = {
			isa = PBXGroup;
			children = (
				1D1646B71D2CA6FF00C6A30B /* BasicButton.swift */,
				1D1646BB1D2CACA700C6A30B /* ViewWithXib.swift */,
			);
			path = Base;
			sourceTree = "<group>";
		};
		1D0BDCFA1D30209100F457A6 /* Splash */ = {
			isa = PBXGroup;
			children = (
				1D0BDCFB1D3020A700F457A6 /* SplashView.swift */,
				1D0BDCFD1D3020B600F457A6 /* SplashView.xib */,
			);
			path = Splash;
			sourceTree = "<group>";
		};
		1D0F2BAB1D2DA81B00F2EF8D /* Giff */ = {
			isa = PBXGroup;
			children = (
				1D1B1E191D32AB17006A5320 /* UIImage+Giff.swift */,
			);
			path = Giff;
			sourceTree = "<group>";
		};
		1D0F2BAE1D2DB58100F2EF8D /* assets */ = {
			isa = PBXGroup;
			children = (
				1D0F2BAF1D2DB58100F2EF8D /* Video */,
			);
			path = assets;
			sourceTree = "<group>";
		};
		1D0F2BAF1D2DB58100F2EF8D /* Video */ = {
			isa = PBXGroup;
			children = (
				1D0F2BB21D2DF9EB00F2EF8D /* splash_animation.gif */,
			);
			path = Video;
			sourceTree = "<group>";
		};
		1D0F2BB41D2DFFC800F2EF8D /* Transition */ = {
			isa = PBXGroup;
			children = (
				1D0F2BB51D2DFFEB00F2EF8D /* SplashToUserCredentialsTransition.swift */,
			);
			path = Transition;
			sourceTree = "<group>";
		};
		1D1646B11D2CA5F200C6A30B /* UserCredentials */ = {
			isa = PBXGroup;
			children = (
				1D1646B21D2CA60A00C6A30B /* UserCredentialsViewController.swift */,
				1D1646B31D2CA60A00C6A30B /* UserCredentialsViewController.xib */,
			);
			path = UserCredentials;
			sourceTree = "<group>";
		};
		1D1646B61D2CA64A00C6A30B /* UserCredentials */ = {
			isa = PBXGroup;
			children = (
				1DF321751D31BE15008F3852 /* UserCredentialsViewDelegate.swift */,
				1D1646B91D2CAC8100C6A30B /* UserCredentialsView.swift */,
				1D0F2BA71D2CB50300F2EF8D /* UserCredentialsView.xib */,
			);
			path = UserCredentials;
			sourceTree = "<group>";
		};
		1DF3216B1D31BB59008F3852 /* Login */ = {
			isa = PBXGroup;
			children = (
				1DF3216C1D31BB59008F3852 /* LoginView.swift */,
				1DF321711D31BC28008F3852 /* LoginView.xib */,
			);
			path = Login;
			sourceTree = "<group>";
		};
		1DF3216D1D31BB59008F3852 /* SignUp */ = {
			isa = PBXGroup;
			children = (
				1DF3216E1D31BB59008F3852 /* SignUpView.swift */,
				1DF321731D31BC41008F3852 /* SignUpView.xib */,
			);
			path = SignUp;
			sourceTree = "<group>";
		};
		3DA190A83C1DC6B9A6B82E64 /* Frameworks */ = {
			isa = PBXGroup;
			children = (
				A79468E706F13DF96224443B /* libPods-uteach.a */,
			);
			name = Frameworks;
			sourceTree = "<group>";
		};
		6A2518E21D2C1935009A673B /* Base */ = {
			isa = PBXGroup;
			children = (
				6A2518E31D2C1935009A673B /* BaseViewController.swift */,
			);
			path = Base;
			sourceTree = "<group>";
		};
		6A2518E51D2C1AC4009A673B /* ColorPalette */ = {
			isa = PBXGroup;
			children = (
				6A2518E61D2C1AC4009A673B /* UIColor+ColorPalette.swift */,
			);
			path = ColorPalette;
			sourceTree = "<group>";
		};
/* End PBXGroup section */

/* Begin PBXNativeTarget section */
		1D0085831D28151600CF4870 /* uteach */ = {
			isa = PBXNativeTarget;
			buildConfigurationList = 1D0085991D28151700CF4870 /* Build configuration list for PBXNativeTarget "uteach" */;
			buildPhases = (
				B6DB21F258C492020B6AE638 /* [CP] Check Pods Manifest.lock */,
				1D0085801D28151600CF4870 /* Sources */,
				1D0085811D28151600CF4870 /* Frameworks */,
				1D0085821D28151600CF4870 /* Resources */,
				ECFB56008BF027BFAAFC8046 /* [CP] Embed Pods Frameworks */,
				4644A98D2CA2D9CB5A503CDD /* [CP] Copy Pods Resources */,
			);
			buildRules = (
			);
			dependencies = (
			);
			name = uteach;
			productName = uteach;
			productReference = 1D0085841D28151600CF4870 /* uteach.app */;
			productType = "com.apple.product-type.application";
		};
/* End PBXNativeTarget section */

/* Begin PBXProject section */
		1D00857C1D28151600CF4870 /* Project object */ = {
			isa = PBXProject;
			attributes = {
				LastSwiftUpdateCheck = 0730;
				LastUpgradeCheck = 0800;
				ORGANIZATIONNAME = "Santiago Lazzari";
				TargetAttributes = {
					1D0085831D28151600CF4870 = {
						CreatedOnToolsVersion = 7.3.1;
						DevelopmentTeam = Y8MVXZDBG2;
						LastSwiftMigration = 0800;
					};
				};
			};
			buildConfigurationList = 1D00857F1D28151600CF4870 /* Build configuration list for PBXProject "uteach" */;
			compatibilityVersion = "Xcode 3.2";
			developmentRegion = English;
			hasScannedForEncodings = 0;
			knownRegions = (
				en,
				Base,
			);
			mainGroup = 1D00857B1D28151600CF4870;
			productRefGroup = 1D0085851D28151600CF4870 /* Products */;
			projectDirPath = "";
			projectRoot = "";
			targets = (
				1D0085831D28151600CF4870 /* uteach */,
			);
		};
/* End PBXProject section */

/* Begin PBXResourcesBuildPhase section */
		1D0085821D28151600CF4870 /* Resources */ = {
			isa = PBXResourcesBuildPhase;
			buildActionMask = 2147483647;
			files = (
				1DF321741D31BC41008F3852 /* SignUpView.xib in Resources */,
				1D0F2BA81D2CB50300F2EF8D /* UserCredentialsView.xib in Resources */,
				1D0BDCFE1D3020B600F457A6 /* SplashView.xib in Resources */,
				1D0085951D28151700CF4870 /* LaunchScreen.storyboard in Resources */,
				1DF321721D31BC28008F3852 /* LoginView.xib in Resources */,
				1D0F2BB31D2DF9EB00F2EF8D /* splash_animation.gif in Resources */,
				1D0085921D28151700CF4870 /* Assets.xcassets in Resources */,
				1D1646B51D2CA60A00C6A30B /* UserCredentialsViewController.xib in Resources */,
			);
			runOnlyForDeploymentPostprocessing = 0;
		};
/* End PBXResourcesBuildPhase section */

/* Begin PBXShellScriptBuildPhase section */
		4644A98D2CA2D9CB5A503CDD /* [CP] Copy Pods Resources */ = {
			isa = PBXShellScriptBuildPhase;
			buildActionMask = 2147483647;
			files = (
			);
			inputPaths = (
			);
			name = "[CP] Copy Pods Resources";
			outputPaths = (
			);
			runOnlyForDeploymentPostprocessing = 0;
			shellPath = /bin/sh;
			shellScript = "\"${SRCROOT}/Pods/Target Support Files/Pods-uteach/Pods-uteach-resources.sh\"\n";
			showEnvVarsInLog = 0;
		};
		B6DB21F258C492020B6AE638 /* [CP] Check Pods Manifest.lock */ = {
			isa = PBXShellScriptBuildPhase;
			buildActionMask = 2147483647;
			files = (
			);
			inputPaths = (
			);
			name = "[CP] Check Pods Manifest.lock";
			outputPaths = (
			);
			runOnlyForDeploymentPostprocessing = 0;
			shellPath = /bin/sh;
			shellScript = "diff \"${PODS_ROOT}/../Podfile.lock\" \"${PODS_ROOT}/Manifest.lock\" > /dev/null\nif [[ $? != 0 ]] ; then\n    cat << EOM\nerror: The sandbox is not in sync with the Podfile.lock. Run 'pod install' or update your CocoaPods installation.\nEOM\n    exit 1\nfi\n";
			showEnvVarsInLog = 0;
		};
		ECFB56008BF027BFAAFC8046 /* [CP] Embed Pods Frameworks */ = {
			isa = PBXShellScriptBuildPhase;
			buildActionMask = 2147483647;
			files = (
			);
			inputPaths = (
			);
			name = "[CP] Embed Pods Frameworks";
			outputPaths = (
			);
			runOnlyForDeploymentPostprocessing = 0;
			shellPath = /bin/sh;
			shellScript = "\"${SRCROOT}/Pods/Target Support Files/Pods-uteach/Pods-uteach-frameworks.sh\"\n";
			showEnvVarsInLog = 0;
		};
/* End PBXShellScriptBuildPhase section */

/* Begin PBXSourcesBuildPhase section */
		1D0085801D28151600CF4870 /* Sources */ = {
			isa = PBXSourcesBuildPhase;
			buildActionMask = 2147483647;
			files = (
				1D0085881D28151700CF4870 /* AppDelegate.swift in Sources */,
				1D1B1E1A1D32AB17006A5320 /* UIImage+Giff.swift in Sources */,
				1D0085E11D2C63F900CF4870 /* NavigationFlowManager.swift in Sources */,
				1D1646BC1D2CACA700C6A30B /* ViewWithXib.swift in Sources */,
				1D0085901D28151700CF4870 /* uteach.xcdatamodeld in Sources */,
				1D0085D51D2AFA8B00CF4870 /* Expertice.swift in Sources */,
				1DF321701D31BB59008F3852 /* SignUpView.swift in Sources */,
				6A2518E41D2C1935009A673B /* BaseViewController.swift in Sources */,
				1D1646B81D2CA6FF00C6A30B /* BasicButton.swift in Sources */,
				1D1646B41D2CA60A00C6A30B /* UserCredentialsViewController.swift in Sources */,
				1D0085D71D2B00C600CF4870 /* Rating.swift in Sources */,
				1D0085DE1D2C63ED00CF4870 /* Teacher.swift in Sources */,
				6A2518E71D2C1AC4009A673B /* UIColor+ColorPalette.swift in Sources */,
				1DF321761D31BE15008F3852 /* UserCredentialsViewDelegate.swift in Sources */,
				1DF3216F1D31BB59008F3852 /* LoginView.swift in Sources */,
				1D0F2BB61D2DFFEB00F2EF8D /* SplashToUserCredentialsTransition.swift in Sources */,
				1D0085DF1D2C63ED00CF4870 /* User.swift in Sources */,
				1D1646BA1D2CAC8100C6A30B /* UserCredentialsView.swift in Sources */,
				1D0085D01D2AF82B00CF4870 /* Student.swift in Sources */,
				1D0BDCFC1D3020A700F457A6 /* SplashView.swift in Sources */,
			);
			runOnlyForDeploymentPostprocessing = 0;
		};
/* End PBXSourcesBuildPhase section */

/* Begin PBXVariantGroup section */
		1D0085931D28151700CF4870 /* LaunchScreen.storyboard */ = {
			isa = PBXVariantGroup;
			children = (
				1D0085941D28151700CF4870 /* Base */,
			);
			name = LaunchScreen.storyboard;
			sourceTree = "<group>";
		};
/* End PBXVariantGroup section */

/* Begin XCBuildConfiguration section */
		1D0085971D28151700CF4870 /* Debug */ = {
			isa = XCBuildConfiguration;
			buildSettings = {
				ALWAYS_SEARCH_USER_PATHS = NO;
				CLANG_ANALYZER_NONNULL = YES;
				CLANG_CXX_LANGUAGE_STANDARD = "gnu++0x";
				CLANG_CXX_LIBRARY = "libc++";
				CLANG_ENABLE_MODULES = YES;
				CLANG_ENABLE_OBJC_ARC = YES;
				CLANG_WARN_BOOL_CONVERSION = YES;
				CLANG_WARN_CONSTANT_CONVERSION = YES;
				CLANG_WARN_DIRECT_OBJC_ISA_USAGE = YES_ERROR;
				CLANG_WARN_EMPTY_BODY = YES;
				CLANG_WARN_ENUM_CONVERSION = YES;
				CLANG_WARN_INT_CONVERSION = YES;
				CLANG_WARN_OBJC_ROOT_CLASS = YES_ERROR;
				CLANG_WARN_UNREACHABLE_CODE = YES;
				CLANG_WARN__DUPLICATE_METHOD_MATCH = YES;
				"CODE_SIGN_IDENTITY[sdk=iphoneos*]" = "iPhone Developer";
				COPY_PHASE_STRIP = NO;
				DEBUG_INFORMATION_FORMAT = dwarf;
				ENABLE_STRICT_OBJC_MSGSEND = YES;
				ENABLE_TESTABILITY = YES;
				GCC_C_LANGUAGE_STANDARD = gnu99;
				GCC_DYNAMIC_NO_PIC = NO;
				GCC_NO_COMMON_BLOCKS = YES;
				GCC_OPTIMIZATION_LEVEL = 0;
				GCC_PREPROCESSOR_DEFINITIONS = (
					"DEBUG=1",
					"$(inherited)",
				);
				GCC_WARN_64_TO_32_BIT_CONVERSION = YES;
				GCC_WARN_ABOUT_RETURN_TYPE = YES_ERROR;
				GCC_WARN_UNDECLARED_SELECTOR = YES;
				GCC_WARN_UNINITIALIZED_AUTOS = YES_AGGRESSIVE;
				GCC_WARN_UNUSED_FUNCTION = YES;
				GCC_WARN_UNUSED_VARIABLE = YES;
				IPHONEOS_DEPLOYMENT_TARGET = 9.3;
				MTL_ENABLE_DEBUG_INFO = YES;
				ONLY_ACTIVE_ARCH = YES;
				SDKROOT = iphoneos;
				SWIFT_OPTIMIZATION_LEVEL = "-Onone";
				TARGETED_DEVICE_FAMILY = "1,2";
			};
			name = Debug;
		};
		1D0085981D28151700CF4870 /* Release */ = {
			isa = XCBuildConfiguration;
			buildSettings = {
				ALWAYS_SEARCH_USER_PATHS = NO;
				CLANG_ANALYZER_NONNULL = YES;
				CLANG_CXX_LANGUAGE_STANDARD = "gnu++0x";
				CLANG_CXX_LIBRARY = "libc++";
				CLANG_ENABLE_MODULES = YES;
				CLANG_ENABLE_OBJC_ARC = YES;
				CLANG_WARN_BOOL_CONVERSION = YES;
				CLANG_WARN_CONSTANT_CONVERSION = YES;
				CLANG_WARN_DIRECT_OBJC_ISA_USAGE = YES_ERROR;
				CLANG_WARN_EMPTY_BODY = YES;
				CLANG_WARN_ENUM_CONVERSION = YES;
				CLANG_WARN_INT_CONVERSION = YES;
				CLANG_WARN_OBJC_ROOT_CLASS = YES_ERROR;
				CLANG_WARN_UNREACHABLE_CODE = YES;
				CLANG_WARN__DUPLICATE_METHOD_MATCH = YES;
				"CODE_SIGN_IDENTITY[sdk=iphoneos*]" = "iPhone Developer";
				COPY_PHASE_STRIP = NO;
				DEBUG_INFORMATION_FORMAT = "dwarf-with-dsym";
				ENABLE_NS_ASSERTIONS = NO;
				ENABLE_STRICT_OBJC_MSGSEND = YES;
				GCC_C_LANGUAGE_STANDARD = gnu99;
				GCC_NO_COMMON_BLOCKS = YES;
				GCC_WARN_64_TO_32_BIT_CONVERSION = YES;
				GCC_WARN_ABOUT_RETURN_TYPE = YES_ERROR;
				GCC_WARN_UNDECLARED_SELECTOR = YES;
				GCC_WARN_UNINITIALIZED_AUTOS = YES_AGGRESSIVE;
				GCC_WARN_UNUSED_FUNCTION = YES;
				GCC_WARN_UNUSED_VARIABLE = YES;
				IPHONEOS_DEPLOYMENT_TARGET = 9.3;
				MTL_ENABLE_DEBUG_INFO = NO;
				SDKROOT = iphoneos;
				TARGETED_DEVICE_FAMILY = "1,2";
				VALIDATE_PRODUCT = YES;
			};
			name = Release;
		};
		1D00859A1D28151700CF4870 /* Debug */ = {
			isa = XCBuildConfiguration;
			baseConfigurationReference = FC2EB36F6EFF5E1C72BCE1C3 /* Pods-uteach.debug.xcconfig */;
			buildSettings = {
				ASSETCATALOG_COMPILER_APPICON_NAME = AppIcon;
				CODE_SIGN_IDENTITY = "iPhone Developer";
				INFOPLIST_FILE = uteach/Info.plist;
				LD_RUNPATH_SEARCH_PATHS = "$(inherited) @executable_path/Frameworks";
				PRODUCT_BUNDLE_IDENTIFIER = com.uteachapp.UTeach;
				PRODUCT_NAME = "$(TARGET_NAME)";
				SWIFT_VERSION = 3.0;
			};
			name = Debug;
		};
		1D00859B1D28151700CF4870 /* Release */ = {
			isa = XCBuildConfiguration;
			baseConfigurationReference = 70CFA39830CE9B3A8C6ADCAE /* Pods-uteach.release.xcconfig */;
			buildSettings = {
				ASSETCATALOG_COMPILER_APPICON_NAME = AppIcon;
				CODE_SIGN_IDENTITY = "iPhone Developer";
				INFOPLIST_FILE = uteach/Info.plist;
				LD_RUNPATH_SEARCH_PATHS = "$(inherited) @executable_path/Frameworks";
				PRODUCT_BUNDLE_IDENTIFIER = com.uteachapp.UTeach;
				PRODUCT_NAME = "$(TARGET_NAME)";
				SWIFT_OPTIMIZATION_LEVEL = "-Owholemodule";
				SWIFT_VERSION = 3.0;
			};
			name = Release;
		};
/* End XCBuildConfiguration section */

/* Begin XCConfigurationList section */
		1D00857F1D28151600CF4870 /* Build configuration list for PBXProject "uteach" */ = {
			isa = XCConfigurationList;
			buildConfigurations = (
				1D0085971D28151700CF4870 /* Debug */,
				1D0085981D28151700CF4870 /* Release */,
			);
			defaultConfigurationIsVisible = 0;
			defaultConfigurationName = Release;
		};
		1D0085991D28151700CF4870 /* Build configuration list for PBXNativeTarget "uteach" */ = {
			isa = XCConfigurationList;
			buildConfigurations = (
				1D00859A1D28151700CF4870 /* Debug */,
				1D00859B1D28151700CF4870 /* Release */,
			);
			defaultConfigurationIsVisible = 0;
			defaultConfigurationName = Release;
		};
/* End XCConfigurationList section */

/* Begin XCVersionGroup section */
		1D00858E1D28151700CF4870 /* uteach.xcdatamodeld */ = {
			isa = XCVersionGroup;
			children = (
				1D00858F1D28151700CF4870 /* uteach.xcdatamodel */,
			);
			currentVersion = 1D00858F1D28151700CF4870 /* uteach.xcdatamodel */;
			path = uteach.xcdatamodeld;
			sourceTree = "<group>";
			versionGroupType = wrapper.xcdatamodel;
		};
/* End XCVersionGroup section */
	};
	rootObject = 1D00857C1D28151600CF4870 /* Project object */;
}
